<?xml version="1.0" encoding="utf-8"?>
<Project ToolsVersion="4.0" xmlns="http://schemas.microsoft.com/developer/msbuild/2003">
  <ItemGroup>
    <Filter Include="Source Files">
      <UniqueIdentifier>{4FC737F1-C7A5-4376-A066-2A32D752A2FF}</UniqueIdentifier>
      <Extensions>cpp;c;cc;cxx;def;odl;idl;hpj;bat;asm;asmx</Extensions>
    </Filter>
    <Filter Include="Header Files">
      <UniqueIdentifier>{93995380-89BD-4b04-88EB-625FBE52EBFB}</UniqueIdentifier>
      <Extensions>h;hh;hpp;hxx;hm;inl;inc;xsd</Extensions>
    </Filter>
    <Filter Include="Resource Files">
      <UniqueIdentifier>{67DA6AB6-F800-4c08-8B7A-83BB121AAD01}</UniqueIdentifier>
      <Extensions>rc;ico;cur;bmp;dlg;rc2;rct;bin;rgs;gif;jpg;jpeg;jpe;resx;tiff;tif;png;wav;mfcribbon-ms</Extensions>
    </Filter>
  </ItemGroup>
  <ItemGroup>
    <Text Include="ReadMe.txt" />
  </ItemGroup>
  <ItemGroup>
    <ClInclude Include="stdafx.h">
      <Filter>Header Files</Filter>
    </ClInclude>
    <ClInclude Include="targetver.h">
      <Filter>Header Files</Filter>
    </ClInclude>
    <ClInclude Include="BundleAdjust.h">
      <Filter>Header Files</Filter>
    </ClInclude>
    <ClInclude Include="imagebase.h">
      <Filter>Header Files</Filter>
    </ClInclude>
    <ClInclude Include="walis_HTYY.hpp">
      <Filter>Header Files</Filter>
    </ClInclude>
    <ClInclude Include="WuHrsMch.h">
      <Filter>Header Files</Filter>
    </ClInclude>
    <ClInclude Include="CVClass.h">
      <Filter>Header Files</Filter>
    </ClInclude>
    <ClInclude Include="ParallelProcessing.h">
      <Filter>Header Files</Filter>
    </ClInclude>
    <ClInclude Include="converter_utm_latlon.h">
      <Filter>Header Files</Filter>
    </ClInclude>
    <ClInclude Include="ellipsoid_utm_info.h">
      <Filter>Header Files</Filter>
    </ClInclude>
    <ClInclude Include="LeastSquareMatching.h">
      <Filter>Header Files</Filter>
    </ClInclude>
    <ClInclude Include="FileOperation.h">
      <Filter>Header Files</Filter>
    </ClInclude>
    <ClInclude Include="RPC_Fun.h">
      <Filter>Header Files</Filter>
    </ClInclude>
    <ClInclude Include="Simple_Matrix_Computation.h">
      <Filter>Header Files</Filter>
    </ClInclude>
    <ClInclude Include="LL_UTM.h">
      <Filter>Header Files</Filter>
    </ClInclude>
    <ClInclude Include="ImageProcess.h">
      <Filter>Header Files</Filter>
    </ClInclude>
    <ClInclude Include="OtherFuns.h">
      <Filter>Header Files</Filter>
    </ClInclude>
    <ClInclude Include="ImageFeatureMatching.h">
      <Filter>Header Files</Filter>
    </ClInclude>
    <ClInclude Include="fast.h">
      <Filter>Header Files</Filter>
    </ClInclude>
    <ClInclude Include="PixelLabIGF.h">
      <Filter>Header Files</Filter>
    </ClInclude>
    <ClInclude Include="tinystr.h">
      <Filter>Header Files</Filter>
    </ClInclude>
    <ClInclude Include="tinyxml.h">
      <Filter>Header Files</Filter>
    </ClInclude>
  </ItemGroup>
  <ItemGroup>
    <ClCompile Include="stdafx.cpp">
      <Filter>Source Files</Filter>
    </ClCompile>
    <ClCompile Include="Bundle_adjustment.cpp">
      <Filter>Source Files</Filter>
    </ClCompile>
    <ClCompile Include="BundleAdjust.cpp">
      <Filter>Source Files</Filter>
    </ClCompile>
    <ClCompile Include="CVClass.cpp">
      <Filter>Source Files</Filter>
    </ClCompile>
    <ClCompile Include="ParallelProcessing.cpp">
      <Filter>Source Files</Filter>
    </ClCompile>
    <ClCompile Include="converter_utm_latlon.cpp">
      <Filter>Source Files</Filter>
    </ClCompile>
    <ClCompile Include="LeastSquareMatching.cpp">
      <Filter>Source Files</Filter>
    </ClCompile>
    <ClCompile Include="FileOperation.cpp">
      <Filter>Source Files</Filter>
    </ClCompile>
    <ClCompile Include="RPC_Fun.cpp">
      <Filter>Source Files</Filter>
    </ClCompile>
    <ClCompile Include="Simple_Matrix_Computation.cpp">
      <Filter>Source Files</Filter>
    </ClCompile>
    <ClCompile Include="LL_UTM.cpp">
      <Filter>Source Files</Filter>
    </ClCompile>
    <ClCompile Include="ImageProcess.cpp">
      <Filter>Source Files</Filter>
    </ClCompile>
    <ClCompile Include="OtherFuns.cpp">
      <Filter>Source Files</Filter>
    </ClCompile>
    <ClCompile Include="ImageFeatureMatching.cpp">
      <Filter>Source Files</Filter>
    </ClCompile>
    <ClCompile Include="fast.c">
      <Filter>Source Files</Filter>
    </ClCompile>
    <ClCompile Include="fast_9.c">
      <Filter>Source Files</Filter>
    </ClCompile>
    <ClCompile Include="fast_10.c">
      <Filter>Source Files</Filter>
    </ClCompile>
    <ClCompile Include="fast_11.c">
      <Filter>Source Files</Filter>
    </ClCompile>
    <ClCompile Include="fast_12.c">
      <Filter>Source Files</Filter>
    </ClCompile>
    <ClCompile Include="nonmax.c">
      <Filter>Source Files</Filter>
    </ClCompile>
    <ClCompile Include="tinystr.cpp">
      <Filter>Source Files</Filter>
    </ClCompile>
    <ClCompile Include="tinyxml.cpp">
      <Filter>Source Files</Filter>
    </ClCompile>
    <ClCompile Include="tinyxmlerror.cpp">
      <Filter>Source Files</Filter>
    </ClCompile>
    <ClCompile Include="tinyxmlparser.cpp">
      <Filter>Source Files</Filter>
    </ClCompile>
  </ItemGroup>
</Project>